
Microsoft Visual Studio Solution File, Format Version 12.00
# Visual Studio Version 16
VisualStudioVersion = 16.0.29020.237
MinimumVisualStudioVersion = 10.0.40219.1
Project("{FAE04EC0-301F-11D3-BF4B-00C04F79EFBC}") = "PdfGenerator", "PdfGenerator\PdfGenerator.csproj", "{426F33D9-27B0-4F63-AFEE-4906C7833271}"
EndProject
Global
	GlobalSection(SolutionConfigurationPlatforms) = preSolution
		Debug|Any CPU = Debug|Any CPU
		Release|Any CPU = Release|Any CPU
	EndGlobalSection
	GlobalSection(ProjectConfigurationPlatforms) = postSolution
		{426F33D9-27B0-4F63-AFEE-4906C7833271}.Debug|Any CPU.ActiveCfg = Debug|Any CPU
		{426F33D9-27B0-4F63-AFEE-4906C7833271}.Debug|Any CPU.Build.0 = Debug|Any CPU
		{426F33D9-27B0-4F63-AFEE-4906C7833271}.Release|Any CPU.ActiveCfg = Release|Any CPU
		{426F33D9-27B0-4F63-AFEE-4906C7833271}.Release|Any CPU.Build.0 = Release|Any CPU
	EndGlobalSection
	GlobalSection(SolutionProperties) = preSolution
		HideSolutionNode = FALSE
	EndGlobalSection
	GlobalSection(ExtensibilityGlobals) = postSolution
		SolutionGuid = {7BFC2DB3-E126-4E0D-8181-81A1DAC4D55B}
	EndGlobalSection
EndGlobal
